
Microsoft Visual Studio Solution File, Format Version 12.00
# Visual Studio 15
VisualStudioVersion = 15.0.27428.2037
MinimumVisualStudioVersion = 10.0.40219.1
Project("{FAE04EC0-301F-11D3-BF4B-00C04F79EFBC}") = "Little Sister Web", "Little Sister Web\Little Sister Web.csproj", "{D07BBF9C-32FA-4CD1-B2E7-3651CCCA833A}"
EndProject
Global
	GlobalSection(SolutionConfigurationPlatforms) = preSolution
		Debug|Any CPU = Debug|Any CPU
		Release|Any CPU = Release|Any CPU
	EndGlobalSection
	GlobalSection(ProjectConfigurationPlatforms) = postSolution
		{D07BBF9C-32FA-4CD1-B2E7-3651CCCA833A}.Debug|Any CPU.ActiveCfg = Debug|Any CPU
		{D07BBF9C-32FA-4CD1-B2E7-3651CCCA833A}.Debug|Any CPU.Build.0 = Debug|Any CPU
		{D07BBF9C-32FA-4CD1-B2E7-3651CCCA833A}.Release|Any CPU.ActiveCfg = Release|Any CPU
		{D07BBF9C-32FA-4CD1-B2E7-3651CCCA833A}.Release|Any CPU.Build.0 = Release|Any CPU
	EndGlobalSection
	GlobalSection(SolutionProperties) = preSolution
		HideSolutionNode = FALSE
	EndGlobalSection
	GlobalSection(ExtensibilityGlobals) = postSolution
		SolutionGuid = {395A4643-D816-436A-AD1C-957FD3FD307A}
	EndGlobalSection
EndGlobal
